
Microsoft Visual Studio Solution File, Format Version 12.00
# Visual Studio Version 17
VisualStudioVersion = 17.4.33020.496
MinimumVisualStudioVersion = 10.0.40219.1
Project("{2150E333-8FDC-42A3-9474-1A3956D46DE8}") = "Src", "Src", "{9B281393-214A-4BB7-BEE0-C21F184F1882}"
EndProject
Project("{FAE04EC0-301F-11D3-BF4B-00C04F79EFBC}") = "CalPoints", "Src\CalPoints\CalPoints.csproj", "{B3428657-A93C-4087-A190-8CEC837EA659}"
EndProject
Project("{FAE04EC0-301F-11D3-BF4B-00C04F79EFBC}") = "ValidParenthesis", "Src\ValidParenthesis\ValidParenthesis.csproj", "{C18EA896-AA70-46C6-BB7D-3FD249A3FAF8}"
EndProject
Project("{2150E333-8FDC-42A3-9474-1A3956D46DE8}") = "Solution Items", "Solution Items", "{DB245778-B744-4519-B8A1-CACA0420D87D}"
	ProjectSection(SolutionItems) = preProject
		ReadMe.md = ReadMe.md
	EndProjectSection
EndProject
Global
	GlobalSection(SolutionConfigurationPlatforms) = preSolution
		Debug|Any CPU = Debug|Any CPU
		Release|Any CPU = Release|Any CPU
	EndGlobalSection
	GlobalSection(ProjectConfigurationPlatforms) = postSolution
		{B3428657-A93C-4087-A190-8CEC837EA659}.Debug|Any CPU.ActiveCfg = Debug|Any CPU
		{B3428657-A93C-4087-A190-8CEC837EA659}.Debug|Any CPU.Build.0 = Debug|Any CPU
		{B3428657-A93C-4087-A190-8CEC837EA659}.Release|Any CPU.ActiveCfg = Release|Any CPU
		{B3428657-A93C-4087-A190-8CEC837EA659}.Release|Any CPU.Build.0 = Release|Any CPU
		{C18EA896-AA70-46C6-BB7D-3FD249A3FAF8}.Debug|Any CPU.ActiveCfg = Debug|Any CPU
		{C18EA896-AA70-46C6-BB7D-3FD249A3FAF8}.Debug|Any CPU.Build.0 = Debug|Any CPU
		{C18EA896-AA70-46C6-BB7D-3FD249A3FAF8}.Release|Any CPU.ActiveCfg = Release|Any CPU
		{C18EA896-AA70-46C6-BB7D-3FD249A3FAF8}.Release|Any CPU.Build.0 = Release|Any CPU
	EndGlobalSection
	GlobalSection(SolutionProperties) = preSolution
		HideSolutionNode = FALSE
	EndGlobalSection
	GlobalSection(NestedProjects) = preSolution
		{B3428657-A93C-4087-A190-8CEC837EA659} = {9B281393-214A-4BB7-BEE0-C21F184F1882}
		{C18EA896-AA70-46C6-BB7D-3FD249A3FAF8} = {9B281393-214A-4BB7-BEE0-C21F184F1882}
	EndGlobalSection
	GlobalSection(ExtensibilityGlobals) = postSolution
		SolutionGuid = {BBF935DF-005D-40F1-B186-E7975ABB4777}
	EndGlobalSection
EndGlobal
